
Microsoft Visual Studio Solution File, Format Version 12.00
# Visual Studio Version 17
VisualStudioVersion = 17.5.33627.172
MinimumVisualStudioVersion = 10.0.40219.1
Project("{FAE04EC0-301F-11D3-BF4B-00C04F79EFBC}") = "Movies.Api", "Movies.Api\Movies.Api.csproj", "{556C97D2-7D61-49EF-97E2-0A3B005A5056}"
EndProject
Project("{FAE04EC0-301F-11D3-BF4B-00C04F79EFBC}") = "Movies.Application", "Movies.Application\Movies.Application.csproj", "{282FB316-EFFC-40ED-93CB-5F8E9967EAB9}"
EndProject
Project("{FAE04EC0-301F-11D3-BF4B-00C04F79EFBC}") = "Movies.Contracts", "Movies.Contracts\Movies.Contracts.csproj", "{AAD1A8AE-40BA-4277-B199-D3AB10E46282}"
EndProject
Global
	GlobalSection(SolutionConfigurationPlatforms) = preSolution
		Debug|Any CPU = Debug|Any CPU
		Release|Any CPU = Release|Any CPU
	EndGlobalSection
	GlobalSection(ProjectConfigurationPlatforms) = postSolution
		{556C97D2-7D61-49EF-97E2-0A3B005A5056}.Debug|Any CPU.ActiveCfg = Debug|Any CPU
		{556C97D2-7D61-49EF-97E2-0A3B005A5056}.Debug|Any CPU.Build.0 = Debug|Any CPU
		{556C97D2-7D61-49EF-97E2-0A3B005A5056}.Release|Any CPU.ActiveCfg = Release|Any CPU
		{556C97D2-7D61-49EF-97E2-0A3B005A5056}.Release|Any CPU.Build.0 = Release|Any CPU
		{282FB316-EFFC-40ED-93CB-5F8E9967EAB9}.Debug|Any CPU.ActiveCfg = Debug|Any CPU
		{282FB316-EFFC-40ED-93CB-5F8E9967EAB9}.Debug|Any CPU.Build.0 = Debug|Any CPU
		{282FB316-EFFC-40ED-93CB-5F8E9967EAB9}.Release|Any CPU.ActiveCfg = Release|Any CPU
		{282FB316-EFFC-40ED-93CB-5F8E9967EAB9}.Release|Any CPU.Build.0 = Release|Any CPU
		{AAD1A8AE-40BA-4277-B199-D3AB10E46282}.Debug|Any CPU.ActiveCfg = Debug|Any CPU
		{AAD1A8AE-40BA-4277-B199-D3AB10E46282}.Debug|Any CPU.Build.0 = Debug|Any CPU
		{AAD1A8AE-40BA-4277-B199-D3AB10E46282}.Release|Any CPU.ActiveCfg = Release|Any CPU
		{AAD1A8AE-40BA-4277-B199-D3AB10E46282}.Release|Any CPU.Build.0 = Release|Any CPU
	EndGlobalSection
	GlobalSection(SolutionProperties) = preSolution
		HideSolutionNode = FALSE
	EndGlobalSection
	GlobalSection(ExtensibilityGlobals) = postSolution
		SolutionGuid = {FF5B5027-15D3-4FFF-9FFB-048E8D59B7B2}
	EndGlobalSection
EndGlobal
